{
  "requires": true,
  "lockfileVersion": 1,
  "dependencies": {
    "@types/anymatch": {
      "version": "1.3.1",
      "resolved": "https://registry.npmjs.org/@types/anymatch/-/anymatch-1.3.1.tgz",
      "integrity": "sha512-/+CRPXpBDpo2RK9C68N3b2cOvO0Cf5B9aPijHsoDQTHivnGSObdOF2BRQOYjojWTDy6nQvMjmqRXIxH55VjxxA=="
    },
    "@types/color-name": {
      "version": "1.1.1",
      "resolved": "https://registry.npmjs.org/@types/color-name/-/color-name-1.1.1.tgz",
      "integrity": "sha512-rr+OQyAjxze7GgWrSaJwydHStIhHq2lvY3BOC2Mj7KnzI7XK0Uw1TOOdI9lDoajEbSWLiYgoo4f1R51erQfhPQ=="
    },
    "@types/mini-css-extract-plugin": {
      "version": "0.9.1",
      "resolved": "https://registry.npmjs.org/@types/mini-css-extract-plugin/-/mini-css-extract-plugin-0.9.1.tgz",
      "integrity": "sha512-+mN04Oszdz9tGjUP/c1ReVwJXxSniLd7lF++sv+8dkABxVNthg6uccei+4ssKxRHGoMmPxdn7uBdJWONSJGTGQ==",
      "requires": {
        "@types/webpack": "*"
      }
    },
    "@types/node": {
      "version": "14.0.1",
      "resolved": "https://registry.npmjs.org/@types/node/-/node-14.0.1.tgz",
      "integrity": "sha512-FAYBGwC+W6F9+huFIDtn43cpy7+SzG+atzRiTfdp3inUKL2hXnd4rG8hylJLIh4+hqrQy1P17kvJByE/z825hA=="
    },
    "@types/source-list-map": {
      "version": "0.1.2",
      "resolved": "https://registry.npmjs.org/@types/source-list-map/-/source-list-map-0.1.2.tgz",
      "integrity": "sha512-K5K+yml8LTo9bWJI/rECfIPrGgxdpeNbj+d53lwN4QjW1MCwlkhUms+gtdzigTeUyBr09+u8BwOIY3MXvHdcsA=="
    },
    "@types/tapable": {
      "version": "1.0.5",
      "resolved": "https://registry.npmjs.org/@types/tapable/-/tapable-1.0.5.tgz",
      "integrity": "sha512-/gG2M/Imw7cQFp8PGvz/SwocNrmKFjFsm5Pb8HdbHkZ1K8pmuPzOX4VeVoiEecFCVf4CsN1r3/BRvx+6sNqwtQ=="
    },
    "@types/uglify-js": {
      "version": "3.9.1",
      "resolved": "https://registry.npmjs.org/@types/uglify-js/-/uglify-js-3.9.1.tgz",
      "integrity": "sha512-rdBIeMQyRBOXogop/EYBvSkYFn9D9yGxUa5hagBVG55KIdSUbp22EACJSHCs6kmmfunojAhf7zJH+Ds06/qLaQ==",
      "requires": {
        "source-map": "^0.6.1"
      }
    },
    "@types/webpack": {
      "version": "4.41.13",
      "resolved": "https://registry.npmjs.org/@types/webpack/-/webpack-4.41.13.tgz",
      "integrity": "sha512-RYmIHOWSxnTTa765N6jJBVE45pd2SYNblEYshVDduLw6RhocazNmRzE5/ytvBD8IkDMH6DI+bcrqxh8NILimBA==",
      "requires": {
        "@types/anymatch": "*",
        "@types/node": "*",
        "@types/tapable": "*",
        "@types/uglify-js": "*",
        "@types/webpack-sources": "*",
        "source-map": "^0.6.0"
      }
    },
    "@types/webpack-sources": {
      "version": "0.1.7",
      "resolved": "https://registry.npmjs.org/@types/webpack-sources/-/webpack-sources-0.1.7.tgz",
      "integrity": "sha512-XyaHrJILjK1VHVC4aVlKsdNN5KBTwufMb43cQs+flGxtPAf/1Qwl8+Q0tp5BwEGaI8D6XT1L+9bSWXckgkjTLw==",
      "requires": {
        "@types/node": "*",
        "@types/source-list-map": "*",
        "source-map": "^0.6.1"
      }
    },
    "ansi-styles": {
      "version": "4.2.1",
      "resolved": "https://registry.npmjs.org/ansi-styles/-/ansi-styles-4.2.1.tgz",
      "integrity": "sha512-9VGjrMsG1vePxcSweQsN20KY/c4zN0h9fLjqAbwbPfahM3t+NL+M9HC8xeXG2I8pX5NoamTGNuomEUFI7fcUjA==",
      "requires": {
        "@types/color-name": "^1.1.1",
        "color-convert": "^2.0.1"
      }
    },
    "big.js": {
      "version": "5.2.2",
      "resolved": "https://registry.npmjs.org/big.js/-/big.js-5.2.2.tgz",
      "integrity": "sha512-vyL2OymJxmarO8gxMr0mhChsO9QGwhynfuu4+MHTAW6czfq9humCB7rKpUjDd9YUiDPU4mzpyupFSvOClAwbmQ=="
    },
    "chalk": {
      "version": "3.0.0",
      "resolved": "https://registry.npmjs.org/chalk/-/chalk-3.0.0.tgz",
      "integrity": "sha512-4D3B6Wf41KOYRFdszmDqMCGq5VV/uMAB273JILmO+3jAlh8X4qDtdtgCR3fxtbLEMzSx22QdhnDcJvu2u1fVwg==",
      "requires": {
        "ansi-styles": "^4.1.0",
        "supports-color": "^7.1.0"
      }
    },
    "color-convert": {
      "version": "2.0.1",
      "resolved": "https://registry.npmjs.org/color-convert/-/color-convert-2.0.1.tgz",
      "integrity": "sha512-RRECPsj7iu/xb5oKYcsFHSppFNnsj/52OVTRKb4zP5onXwVF3zVmmToNcOfGC+CRDpfK/U584fMg38ZHCaElKQ==",
      "requires": {
        "color-name": "~1.1.4"
      }
    },
    "color-name": {
      "version": "1.1.4",
      "resolved": "https://registry.npmjs.org/color-name/-/color-name-1.1.4.tgz",
      "integrity": "sha512-dOy+3AuW3a2wNbZHIuMZpTcgjGuLU/uBL/ubcZF9OXbDo8ff4O8yVp5Bf0efS8uEoYo5q4Fx7dY9OgQGXgAsQA=="
    },
    "emojis-list": {
      "version": "3.0.0",
      "resolved": "https://registry.npmjs.org/emojis-list/-/emojis-list-3.0.0.tgz",
      "integrity": "sha512-/kyM18EfinwXZbno9FyUGeFh87KC8HRQBQGildHZbEuRyWFOmv1U10o9BBp8XVZDVNNuQKyIGIu5ZYAAXJ0V2Q=="
    },
    "has-flag": {
      "version": "4.0.0",
      "resolved": "https://registry.npmjs.org/has-flag/-/has-flag-4.0.0.tgz",
      "integrity": "sha512-EykJT/Q1KjTWctppgIAgfSO0tKVuZUjhgMr17kqTumMl6Afv3EISleU7qZUzoXDFTAHTDC4NOoG/ZxU3EvlMPQ=="
    },
    "hash-sum": {
      "version": "2.0.0",
      "resolved": "https://registry.npmjs.org/hash-sum/-/hash-sum-2.0.0.tgz",
      "integrity": "sha512-WdZTbAByD+pHfl/g9QSsBIIwy8IT+EsPiKDs0KNX+zSHhdDLFKdZu0BQHljvO+0QI/BasbMSUa8wYNCZTvhslg=="
    },
    "json5": {
      "version": "1.0.1",
      "resolved": "https://registry.npmjs.org/json5/-/json5-1.0.1.tgz",
      "integrity": "sha512-aKS4WQjPenRxiQsC93MNfjx+nbF4PAdYzmd/1JIj8HYzqfbu86beTuNgXDzPknWk0n0uARlyewZo4s++ES36Ow==",
      "requires": {
        "minimist": "^1.2.0"
      }
    },
    "loader-utils": {
      "version": "1.4.0",
      "resolved": "https://registry.npmjs.org/loader-utils/-/loader-utils-1.4.0.tgz",
      "integrity": "sha512-qH0WSMBtn/oHuwjy/NucEgbx5dbxxnxup9s4PVXJUDHZBQY+s0NWA9rJf53RBnQZxfch7euUui7hpoAPvALZdA==",
      "requires": {
        "big.js": "^5.2.2",
        "emojis-list": "^3.0.0",
        "json5": "^1.0.1"
      }
    },
    "merge-source-map": {
      "version": "1.1.0",
      "resolved": "https://registry.npmjs.org/merge-source-map/-/merge-source-map-1.1.0.tgz",
      "integrity": "sha512-Qkcp7P2ygktpMPh2mCQZaf3jhN6D3Z/qVZHSdWvQ+2Ef5HgRAPBO57A77+ENm0CPx2+1Ce/MYKi3ymqdfuqibw==",
      "requires": {
        "source-map": "^0.6.1"
      }
    },
    "minimist": {
      "version": "1.2.5",
      "resolved": "https://registry.npmjs.org/minimist/-/minimist-1.2.5.tgz",
      "integrity": "sha512-FM9nNUYrRBAELZQT3xeZQ7fmMOBg6nWNmJKTcgsJeaLstP/UODVpGsr5OhXhhXg6f+qtJ8uiZ+PUxkDWcgIXLw=="
    },
    "source-map": {
      "version": "0.6.1",
      "resolved": "https://registry.npmjs.org/source-map/-/source-map-0.6.1.tgz",
      "integrity": "sha512-UjgapumWlbMhkBgzT7Ykc5YXUT46F0iKu8SGXq0bcwP5dz/h0Plj6enJqjz1Zbq2l5WaqYnrVbwWOWMyF3F47g=="
    },
    "supports-color": {
      "version": "7.1.0",
      "resolved": "https://registry.npmjs.org/supports-color/-/supports-color-7.1.0.tgz",
      "integrity": "sha512-oRSIpR8pxT1Wr2FquTNnGet79b3BWljqOuoW/h4oBhxJ/HUbX5nX6JSruTkvXDCFMwDPvsaTTbvMLKZWSy0R5g==",
      "requires": {
        "has-flag": "^4.0.0"
      }
    },
    "vue-cli-plugin-vue-next": {
      "version": "0.1.2",
      "resolved": "https://registry.npmjs.org/vue-cli-plugin-vue-next/-/vue-cli-plugin-vue-next-0.1.2.tgz",
      "integrity": "sha512-8cbgT558oFmA4w72YRuLrevh4iAnW3X9Eo39DphSp3Vg25+D+d3dIbSuihEgGn4SWveU8kI6IVndOn0ebxQZGQ==",
      "requires": {
        "vue-loader": "^16.0.0-alpha.3"
      }
    },
    "vue-loader": {
      "version": "16.0.0-beta.2",
      "resolved": "https://registry.npmjs.org/vue-loader/-/vue-loader-16.0.0-beta.2.tgz",
      "integrity": "sha512-kOU5tV0w/gDnKWP+vjAZmQPQJ00GNH6VJfOnMAU4c54OTqg7UqLbpEkFA2HFWe6Ws/3imal3uODYN2M19LmMAw==",
      "requires": {
        "@types/mini-css-extract-plugin": "^0.9.1",
        "chalk": "^3.0.0",
        "hash-sum": "^2.0.0",
        "loader-utils": "^1.2.3",
        "merge-source-map": "^1.1.0",
        "source-map": "^0.6.1"
      }
    }
  }
}
